
Microsoft Visual Studio Solution File, Format Version 12.00
Project("{FAE04EC0-301F-11D3-BF4B-00C04F79EFBC}") = "TestWarehouse", "TestWarehouse\TestWarehouse.csproj", "{F399953C-C5EE-4368-86F2-6E49A6AC6DB0}"
EndProject
Project("{FAE04EC0-301F-11D3-BF4B-00C04F79EFBC}") = "TestWarehouse.Test", "TestWarehouse.Test\TestWarehouse.Test.csproj", "{3380633E-4505-4480-8344-3A75168944ED}"
EndProject
Global
	GlobalSection(SolutionConfigurationPlatforms) = preSolution
		Debug|Any CPU = Debug|Any CPU
		Release|Any CPU = Release|Any CPU
	EndGlobalSection
	GlobalSection(ProjectConfigurationPlatforms) = postSolution
		{F399953C-C5EE-4368-86F2-6E49A6AC6DB0}.Debug|Any CPU.ActiveCfg = Debug|Any CPU
		{F399953C-C5EE-4368-86F2-6E49A6AC6DB0}.Debug|Any CPU.Build.0 = Debug|Any CPU
		{F399953C-C5EE-4368-86F2-6E49A6AC6DB0}.Release|Any CPU.ActiveCfg = Release|Any CPU
		{F399953C-C5EE-4368-86F2-6E49A6AC6DB0}.Release|Any CPU.Build.0 = Release|Any CPU
		{3380633E-4505-4480-8344-3A75168944ED}.Debug|Any CPU.ActiveCfg = Debug|Any CPU
		{3380633E-4505-4480-8344-3A75168944ED}.Debug|Any CPU.Build.0 = Debug|Any CPU
		{3380633E-4505-4480-8344-3A75168944ED}.Release|Any CPU.ActiveCfg = Release|Any CPU
		{3380633E-4505-4480-8344-3A75168944ED}.Release|Any CPU.Build.0 = Release|Any CPU
	EndGlobalSection
EndGlobal
